
Microsoft Visual Studio Solution File, Format Version 12.00
# Visual Studio Version 16
VisualStudioVersion = 16.0.30114.105
MinimumVisualStudioVersion = 10.0.40219.1
Project("{FAE04EC0-301F-11D3-BF4B-00C04F79EFBC}") = "API", "API\API.csproj", "{D6F95718-32D3-444A-8281-72204F7D1677}"
EndProject
Project("{FAE04EC0-301F-11D3-BF4B-00C04F79EFBC}") = "Core", "Core\Core.csproj", "{A30DC3AF-97A4-4EF3-82CC-E618AF1EC365}"
EndProject
Project("{FAE04EC0-301F-11D3-BF4B-00C04F79EFBC}") = "Infrastructure", "Infrastructure\Infrastructure.csproj", "{930D2D52-5A7C-4E64-A6C0-3F5D625F5F13}"
EndProject
Global
	GlobalSection(SolutionConfigurationPlatforms) = preSolution
		Debug|Any CPU = Debug|Any CPU
		Debug|x64 = Debug|x64
		Debug|x86 = Debug|x86
		Release|Any CPU = Release|Any CPU
		Release|x64 = Release|x64
		Release|x86 = Release|x86
	EndGlobalSection
	GlobalSection(SolutionProperties) = preSolution
		HideSolutionNode = FALSE
	EndGlobalSection
	GlobalSection(ProjectConfigurationPlatforms) = postSolution
		{D6F95718-32D3-444A-8281-72204F7D1677}.Debug|Any CPU.ActiveCfg = Debug|Any CPU
		{D6F95718-32D3-444A-8281-72204F7D1677}.Debug|Any CPU.Build.0 = Debug|Any CPU
		{D6F95718-32D3-444A-8281-72204F7D1677}.Debug|x64.ActiveCfg = Debug|Any CPU
		{D6F95718-32D3-444A-8281-72204F7D1677}.Debug|x64.Build.0 = Debug|Any CPU
		{D6F95718-32D3-444A-8281-72204F7D1677}.Debug|x86.ActiveCfg = Debug|Any CPU
		{D6F95718-32D3-444A-8281-72204F7D1677}.Debug|x86.Build.0 = Debug|Any CPU
		{D6F95718-32D3-444A-8281-72204F7D1677}.Release|Any CPU.ActiveCfg = Release|Any CPU
		{D6F95718-32D3-444A-8281-72204F7D1677}.Release|Any CPU.Build.0 = Release|Any CPU
		{D6F95718-32D3-444A-8281-72204F7D1677}.Release|x64.ActiveCfg = Release|Any CPU
		{D6F95718-32D3-444A-8281-72204F7D1677}.Release|x64.Build.0 = Release|Any CPU
		{D6F95718-32D3-444A-8281-72204F7D1677}.Release|x86.ActiveCfg = Release|Any CPU
		{D6F95718-32D3-444A-8281-72204F7D1677}.Release|x86.Build.0 = Release|Any CPU
		{A30DC3AF-97A4-4EF3-82CC-E618AF1EC365}.Debug|Any CPU.ActiveCfg = Debug|Any CPU
		{A30DC3AF-97A4-4EF3-82CC-E618AF1EC365}.Debug|Any CPU.Build.0 = Debug|Any CPU
		{A30DC3AF-97A4-4EF3-82CC-E618AF1EC365}.Debug|x64.ActiveCfg = Debug|Any CPU
		{A30DC3AF-97A4-4EF3-82CC-E618AF1EC365}.Debug|x64.Build.0 = Debug|Any CPU
		{A30DC3AF-97A4-4EF3-82CC-E618AF1EC365}.Debug|x86.ActiveCfg = Debug|Any CPU
		{A30DC3AF-97A4-4EF3-82CC-E618AF1EC365}.Debug|x86.Build.0 = Debug|Any CPU
		{A30DC3AF-97A4-4EF3-82CC-E618AF1EC365}.Release|Any CPU.ActiveCfg = Release|Any CPU
		{A30DC3AF-97A4-4EF3-82CC-E618AF1EC365}.Release|Any CPU.Build.0 = Release|Any CPU
		{A30DC3AF-97A4-4EF3-82CC-E618AF1EC365}.Release|x64.ActiveCfg = Release|Any CPU
		{A30DC3AF-97A4-4EF3-82CC-E618AF1EC365}.Release|x64.Build.0 = Release|Any CPU
		{A30DC3AF-97A4-4EF3-82CC-E618AF1EC365}.Release|x86.ActiveCfg = Release|Any CPU
		{A30DC3AF-97A4-4EF3-82CC-E618AF1EC365}.Release|x86.Build.0 = Release|Any CPU
		{930D2D52-5A7C-4E64-A6C0-3F5D625F5F13}.Debug|Any CPU.ActiveCfg = Debug|Any CPU
		{930D2D52-5A7C-4E64-A6C0-3F5D625F5F13}.Debug|Any CPU.Build.0 = Debug|Any CPU
		{930D2D52-5A7C-4E64-A6C0-3F5D625F5F13}.Debug|x64.ActiveCfg = Debug|Any CPU
		{930D2D52-5A7C-4E64-A6C0-3F5D625F5F13}.Debug|x64.Build.0 = Debug|Any CPU
		{930D2D52-5A7C-4E64-A6C0-3F5D625F5F13}.Debug|x86.ActiveCfg = Debug|Any CPU
		{930D2D52-5A7C-4E64-A6C0-3F5D625F5F13}.Debug|x86.Build.0 = Debug|Any CPU
		{930D2D52-5A7C-4E64-A6C0-3F5D625F5F13}.Release|Any CPU.ActiveCfg = Release|Any CPU
		{930D2D52-5A7C-4E64-A6C0-3F5D625F5F13}.Release|Any CPU.Build.0 = Release|Any CPU
		{930D2D52-5A7C-4E64-A6C0-3F5D625F5F13}.Release|x64.ActiveCfg = Release|Any CPU
		{930D2D52-5A7C-4E64-A6C0-3F5D625F5F13}.Release|x64.Build.0 = Release|Any CPU
		{930D2D52-5A7C-4E64-A6C0-3F5D625F5F13}.Release|x86.ActiveCfg = Release|Any CPU
		{930D2D52-5A7C-4E64-A6C0-3F5D625F5F13}.Release|x86.Build.0 = Release|Any CPU
	EndGlobalSection
EndGlobal
